{
  "version": "5",
  "specifiers": {
    "npm:@noble/ciphers@2.4.0": "2.4.0",
    "npm:@noble/curves@2.4.0": "2.4.0",
    "npm:@noble/hashes@2.4.0": "2.4.0",
    "npm:@scure/base@2.0.0": "2.0.0",
    "npm:@scure/bip32@2.4.0": "2.4.0",
    "npm:@scure/bip39@2.4.0": "2.4.0",
    "npm:@scure/btc-signer@2.4.0": "2.4.0",
    "npm:@tailwindcss/vite@4.3.3": "4.3.3_vite@8.2.2",
    "npm:@types/react-dom@19.2.3": "19.2.3_@types+react@19.2.14",
    "npm:@types/react@19.2.14": "19.2.14",
    "npm:@vitejs/plugin-react@6.1.1": "6.1.1_oxc-transform-react@0.147.0_vite@8.2.2",
    "npm:jsqr@1.4.0": "1.4.0",
    "npm:oxc-transform-react@0.147.0": "0.147.0",
    "npm:react-dom@19.2.8": "19.2.8_react@19.2.8",
    "npm:react@19.2.8": "19.2.8",
    "npm:tailwindcss@4.3.3": "4.3.3",
    "npm:uqr@0.1.3": "0.1.3",
    "npm:vite@8.2.2": "8.2.2"
  },
  "npm": {
    "@jridgewell/gen-mapping@0.3.13": {
      "integrity": "sha512-2kkt/7niJ6MgEPxF0bYdQ6etZaA+fQvDcLKckhy1yIQOzaoKjBBjSj63/aLVjYE3qhRt5dvM+uUyfCg6UKCBbA==",
      "dependencies": [
        "@jridgewell/sourcemap-codec",
        "@jridgewell/trace-mapping"
      ]
    },
    "@jridgewell/remapping@2.3.5": {
      "integrity": "sha512-LI9u/+laYG4Ds1TDKSJW2YPrIlcVYOwi2fUC6xB43lueCjgxV4lffOCZCtYFiH6TNOX+tQKXx97T4IKHbhyHEQ==",
      "dependencies": [
        "@jridgewell/gen-mapping",
        "@jridgewell/trace-mapping"
      ]
    },
    "@jridgewell/resolve-uri@3.1.2": {
      "integrity": "sha512-bRISgCIjP20/tbWSPWMEi54QVPRZExkuD9lJL+UIxUKtwVJA8wW1Trb1jMs1RFXo1CBTNZ/5hpC9QvmKWdopKw=="
    },
    "@jridgewell/sourcemap-codec@1.6.0": {
      "integrity": "sha512-T7jf+5zgsZHwNJ4lvQ7/aezbyk0nNX+zJVWpmHA7VYsEx7a7qr5Rg5IbtJFqkgze5Y2sruq1RUY8Q837Od7iFw=="
    },
    "@jridgewell/trace-mapping@0.3.31": {
      "integrity": "sha512-zzNR+SdQSDJzc8joaeP8QQoCQr8NuYx2dIIytl1QeBEZHJ9uW6hebsrYgbz8hJwUQao3TWCMtmfV8Nu1twOLAw==",
      "dependencies": [
        "@jridgewell/resolve-uri",
        "@jridgewell/sourcemap-codec"
      ]
    },
    "@noble/ciphers@2.4.0": {
      "integrity": "sha512-AnjFn0Jv92laAkvMrghlFZq4qQCIN/4DxFV/eooqtC2YTjB7kBeLMS2T9KJX4Dn+ZVXLOwK0lSgqDtx9gvxtiw=="
    },
    "@noble/curves@2.4.0": {
      "integrity": "sha512-P4/62zrgfH33CneE3Dn4WhJVA22YUU0eR51wKIan4NVRvwsA0YnPTwWGpNbpuacSujmSFLvyzpyuR30+fbq2Ew==",
      "dependencies": [
        "@noble/hashes"
      ]
    },
    "@noble/hashes@2.4.0": {
      "integrity": "sha512-X5XaVWZIBCT7HHZGm5I7ZQXDwLG+bGXuSrMQAW+7Zvl87h1kmc1ZB1VSRJcpUfoUrGQp4Fkoxm5kZ+Ms+aW+eA=="
    },
    "@oxc-project/types@0.147.0": {
      "integrity": "sha512-IJ3s6ltHLp45S0bh7phkX+gJO7A1Wuz2EaqpAhb8WjqDwbzMiWKHhyyT42tskaWjEYXtHtVCPpnBJVT9+dcRLg=="
    },
    "@oxc-transform-react/binding-android-arm-eabi@0.147.0": {
      "integrity": "sha512-VRKQm1E8GA0yqii9t9f7EAOn3Y7wikAPjSdUDVQlfZx+p29MRG72oaVnS8vRjug2/a6wy8wrjlDiYi0fgvks3g==",
      "os": ["android"],
      "cpu": ["arm"]
    },
    "@oxc-transform-react/binding-android-arm64@0.147.0": {
      "integrity": "sha512-Ishxo2U0RYWAC3AEuNP7h11/rZa03phq3QcmdPXoOCD5s1gM8JflC1yWsZmQEVmHQe8VLocEaHAlYkWwUGiYIQ==",
      "os": ["android"],
      "cpu": ["arm64"]
    },
    "@oxc-transform-react/binding-darwin-arm64@0.147.0": {
      "integrity": "sha512-2f3KkcleD6AzbtTgVJMRUEgGSfST24n+xc8Uy/smiBSHBXSGWfKFWMP7iR6JDVil3rHsqlDsnv9l7sy++mrbMw==",
      "os": ["darwin"],
      "cpu": ["arm64"]
    },
    "@oxc-transform-react/binding-darwin-x64@0.147.0": {
      "integrity": "sha512-jVHMynO2NdP5uEeTLMet8Lh3Y60q67rxyGID43XEXoh4qYS9nA0+tA78eQIX3fb+UeM0eTZi2l6NcAjhDs8ZcQ==",
      "os": ["darwin"],
      "cpu": ["x64"]
    },
    "@oxc-transform-react/binding-freebsd-x64@0.147.0": {
      "integrity": "sha512-qJbfDnU0R1Y90mZvOaoF/lAWBoYxzAwik7cXxfh07mBuuUxbwfIifaHKv4CDhA42KhsM3ASpsyIzQcy6qU58dA==",
      "os": ["freebsd"],
      "cpu": ["x64"]
    },
    "@oxc-transform-react/binding-linux-arm-gnueabihf@0.147.0": {
      "integrity": "sha512-dzxP8VrfvODG/Gh7TWZzzX3w08C7QDohKqppwKwbox+W3xFgevRAH+aJj5PMvbUO+AwZRx7AHcEKgqJV00YLww==",
      "os": ["linux"],
      "cpu": ["arm"]
    },
    "@oxc-transform-react/binding-linux-arm-musleabihf@0.147.0": {
      "integrity": "sha512-+V3y6Ad+tQJJ3RqfEs01vUp/aFcaRRDNzvLvTFgDjEtEy2KTVmzCbOgqiI5QOqO/5of2Eu+iHaIT9FVFsT8pIw==",
      "os": ["linux"],
      "cpu": ["arm"]
    },
    "@oxc-transform-react/binding-linux-arm64-gnu@0.147.0": {
      "integrity": "sha512-qwu3NoFx4OrwEUCML0emQguUL0sF4zWtVasMLyy5c1yeXL50bgER+FmavE9TOdINhY7L6eYt3bg/BRyRaihFHQ==",
      "os": ["linux"],
      "cpu": ["arm64"]
    },
    "@oxc-transform-react/binding-linux-arm64-musl@0.147.0": {
      "integrity": "sha512-Edtn1bdSUZUsVumt/uSnKuPYR2iqHgULff1W77dqZyhxrQKUVk4pPBt6yiEmwBeWLc4AtBui4JuO6Akj2n5BZA==",
      "os": ["linux"],
      "cpu": ["arm64"]
    },
    "@oxc-transform-react/binding-linux-ppc64-gnu@0.147.0": {
      "integrity": "sha512-P1MHO3HbPTpeDO6qiQeFpM3qyJWdLhcV/kys65HelsIag6kU+ixrl/fAvOMdt+MfpJAusY42B+6x/IQsfaHoow==",
      "os": ["linux"],
      "cpu": ["ppc64"]
    },
    "@oxc-transform-react/binding-linux-riscv64-gnu@0.147.0": {
      "integrity": "sha512-/IR46J5U0kYVLDUsHJr0Y7vT1lQt4haOi2uOMcsSCp+NEBhSaOomQyZ8GaQJVtTn49lYw/yfIm/D3D69L/VwmA==",
      "os": ["linux"],
      "cpu": ["riscv64"]
    },
    "@oxc-transform-react/binding-linux-riscv64-musl@0.147.0": {
      "integrity": "sha512-2Z+T/VYg+6onfi2b+umNr/37r3qCyutBtSE6dP6KzzNPDlwy3qGg9qIvj1AzKXJpIIheDNJ7hfYn7SBtnSlu0g==",
      "os": ["linux"],
      "cpu": ["riscv64"]
    },
    "@oxc-transform-react/binding-linux-s390x-gnu@0.147.0": {
      "integrity": "sha512-EmkqOECTHdQj4tbuWn34eYzy3yYfsRWLOoPDAQ2SK6dddMTSGKLyvc/RsP+l65Q4AIM2tTpQshmcerlZDYScNA==",
      "os": ["linux"],
      "cpu": ["s390x"]
    },
    "@oxc-transform-react/binding-linux-x64-gnu@0.147.0": {
      "integrity": "sha512-gaktP45FnQ63VvXbK0vC81IbFtU7rBpj1Rcxc/mXYMQk24vRnMV3nGdAQb1jKFeg14GokrloQ4gNW+XLMID1vA==",
      "os": ["linux"],
      "cpu": ["x64"]
    },
    "@oxc-transform-react/binding-linux-x64-musl@0.147.0": {
      "integrity": "sha512-FjZwrDx4xWZzy06/5hjdcJlXr3Zmv11buW/b4HKFVQ90u6dPUmiPiPRNd7QWJGGksVCm/zBQlA2P0HtAHS38YA==",
      "os": ["linux"],
      "cpu": ["x64"]
    },
    "@oxc-transform-react/binding-openharmony-arm64@0.147.0": {
      "integrity": "sha512-Sp7bVak/0y5Lwpfk2fIIYOQmFNvmBG1qPR3010FTx361kANJmH+N1o7MkQ5PnDTCM7FkVOIBROjiRyW6WGimyQ==",
      "os": ["openharmony"],
      "cpu": ["arm64"]
    },
    "@oxc-transform-react/binding-win32-arm64-msvc@0.147.0": {
      "integrity": "sha512-i+4W8zSlYUfIRIUR5+Omttx49M44FoL7YXJzzdT+ZmjgeS5hMOQNZDI6Cvkb1vm+4fh1b/lOjJeZjK5E4VYXbA==",
      "os": ["win32"],
      "cpu": ["arm64"]
    },
    "@oxc-transform-react/binding-win32-ia32-msvc@0.147.0": {
      "integrity": "sha512-mSc4BxQPdCN5DdzyxfYWK2OvzrUGqj4Hi+Q61XA96HIU5UtuSx8pVY34tjvMPZ/QrN8MReGSikAk9NI9njWgSg==",
      "os": ["win32"],
      "cpu": ["ia32"]
    },
    "@oxc-transform-react/binding-win32-x64-msvc@0.147.0": {
      "integrity": "sha512-4vtoIsur+v2mGj5UewMxm5BiuK9Se3skVyPRczNLXSYCjPVzHMV9XBkySWBGLBzcNICiejiiF+gVidNNGc3HDQ==",
      "os": ["win32"],
      "cpu": ["x64"]
    },
    "@rolldown/binding-android-arm-eabi@1.2.6": {
      "integrity": "sha512-b+jTcARdTiFLI6jB4a5XjTm0RWd6KcRfQj/I2356fxUZemiho9zQLxo0RtCuMDAyKcLo6cEltkgbQp6d1+sjjQ==",
      "os": ["android"],
      "cpu": ["arm"]
    },
    "@rolldown/binding-android-arm64@1.2.6": {
      "integrity": "sha512-lkWU8ZJaRk9q3CIEY1Tc7vIFALp3Xw5NfGJo2hQg5oIqNgxWi1zI+IiDEK3r70BF5Dzol1tcXsnzsRc8NLhG+Q==",
      "os": ["android"],
      "cpu": ["arm64"]
    },
    "@rolldown/binding-darwin-arm64@1.2.6": {
      "integrity": "sha512-dgR56NYnvAszm7Ob1B2/Vn0e8bUQYZH2UjVaMMtMVOCKFSfjhfLmuA/9+O+F+ajUdG6B/bSssrKW6JJYASa8jA==",
      "os": ["darwin"],
      "cpu": ["arm64"]
    },
    "@rolldown/binding-darwin-x64@1.2.6": {
      "integrity": "sha512-vpVxFvUCFioJqug7OTvqptkc4yb8UX0AwfDmJpaR/0sWz+BUmqSVAf7c8JkUgnN8YLspb4a/N6NhTyMAmdyQ7Q==",
      "os": ["darwin"],
      "cpu": ["x64"]
    },
    "@rolldown/binding-freebsd-x64@1.2.6": {
      "integrity": "sha512-h1wG6Y6K3JlRswxsI64qQJqBAy4vrLuHgRbc8CZMGSWTOFRY6ghMApM1NKzB2I0n5xV1fjkE18SuVl2QpLeNpA==",
      "os": ["freebsd"],
      "cpu": ["x64"]
    },
    "@rolldown/binding-linux-arm-gnueabihf@1.2.6": {
      "integrity": "sha512-tbCiqub0q2MVWJKgF5PoAlNWCtQydiOYSLIkd8sByqK/6MMYLJRcSXSYodqYtd0O+Fw7QaVmKKlS4oL94YRZ0w==",
      "os": ["linux"],
      "cpu": ["arm"]
    },
    "@rolldown/binding-linux-arm64-gnu@1.2.6": {
      "integrity": "sha512-oxK9+baEBPhZG5HB4URY+uU04zJWeZlH6Tb9rB5DK4DF9XR1uXNLXt5Q5ZsugTKayNCNLhkcwz/ye74hRI98dg==",
      "os": ["linux"],
      "cpu": ["arm64"]
    },
    "@rolldown/binding-linux-arm64-musl@1.2.6": {
      "integrity": "sha512-muWCk27FVBEZtv0MsK8gnfSmgczA8KQ0uRVJbTABKhkRfQc38aUrcb7fhi3BNiyseFmgcRsoMfQsSNJ+DbZdSw==",
      "os": ["linux"],
      "cpu": ["arm64"]
    },
    "@rolldown/binding-linux-ppc64-gnu@1.2.6": {
      "integrity": "sha512-eWDoSfU7Co2qj3vgB3Dt4lj1mG6CoWbcJQkRMP3XJplyCMtuaq3LHvPFjS9QIPvMGWVadJC04Xiy0IdcVPtnwQ==",
      "os": ["linux"],
      "cpu": ["ppc64"]
    },
    "@rolldown/binding-linux-s390x-gnu@1.2.6": {
      "integrity": "sha512-2bWNjRSIayvupRKxXUY2tWG9fYdoUlTqWywHRvE8Eq3GvuQ+f2HeIkve697fIt+IQs/PV8yFsdWuhp1aJ1PdnA==",
      "os": ["linux"],
      "cpu": ["s390x"]
    },
    "@rolldown/binding-linux-x64-gnu@1.2.6": {
      "integrity": "sha512-KekI0gS0wLxe1UBSQSjenBVwou/JkcQPDzBPICGZjxUv9k3RteHDPBQaiOicZUFKRIH2wKEimGwVpnJsbPzu7w==",
      "os": ["linux"],
      "cpu": ["x64"]
    },
    "@rolldown/binding-linux-x64-musl@1.2.6": {
      "integrity": "sha512-TvtPnfVr+HtyGiDmPK4VWmlNm7QhNNAcK5Q9A7aOXsI8545yCyaoMaicXrFZ72JzeYjaUVk7yT243zT0jzjFKQ==",
      "os": ["linux"],
      "cpu": ["x64"]
    },
    "@rolldown/binding-openharmony-arm64@1.2.6": {
      "integrity": "sha512-iOo0VEay2XFhaCcH0sps5XIimkSuOnNaZrf6+ZkoSOQBJPKNU48RkmJv0/lSpipexu5P+ouFgafe5IGr/DiQfg==",
      "os": ["openharmony"],
      "cpu": ["arm64"]
    },
    "@rolldown/binding-win32-arm64-msvc@1.2.6": {
      "integrity": "sha512-y5NTmmasMS455JlOCO4ZM9krIchv3Mvm1crL1iUPGOPgEzSkves9n0SdC5Sjz6+qWDFhd8/JpfWMH8NSWNHe+A==",
      "os": ["win32"],
      "cpu": ["arm64"]
    },
    "@rolldown/binding-win32-x64-msvc@1.2.6": {
      "integrity": "sha512-np8iZSLfXlAD4kWhiyq/u0Yt8oZDtRQ8lGhQaCXo2rl37KNjeU0GjJuwr4P3oeZ++ROfofsKNBqR5LTO8aXyWQ==",
      "os": ["win32"],
      "cpu": ["x64"]
    },
    "@rolldown/pluginutils@1.0.1": {
      "integrity": "sha512-2j9bGt5Jh8hj+vPtgzPtl72j0yRxHAyumoo6TNfAjsLB04UtpSvPbPcDcBMxz7n+9CYB0c1GxQFxYRg2jimqGw=="
    },
    "@scure/base@2.0.0": {
      "integrity": "sha512-3E1kpuZginKkek01ovG8krQ0Z44E3DHPjc5S2rjJw9lZn3KSQOs8S7wqikF/AH7iRanHypj85uGyxk0XAyC37w=="
    },
    "@scure/base@2.3.0": {
      "integrity": "sha512-NsG6Y03tY6R5BUis4FdVtHVkur0U6FOzskgs9ZXNl78CUc9fkZ78HmENUle1nSOkCasDmbubmWD9qwB7mm4PZA=="
    },
    "@scure/base@2.4.0": {
      "integrity": "sha512-thZ1TuJwFwBblOhgsjDKvvGirBxNp+wSvY/DR6tJBJOTDhdAAcHJ8Vbr2eFnqaxeca4+t0i9KBf+uHYGWwZORg=="
    },
    "@scure/bip32@2.4.0": {
      "integrity": "sha512-i3DS0CptAocyvqE4n3SUkpzeQK4vJMFwWLofTwRiiKo2aWojBOfyMCgfKw9HVpO6fSY5AK86sHS/Uzn8kK9Few==",
      "dependencies": [
        "@noble/curves",
        "@noble/hashes",
        "@scure/base@2.4.0"
      ]
    },
    "@scure/bip39@2.4.0": {
      "integrity": "sha512-82dxFbZUYboyOf0AXiydsQrFQ5Q4h9mX+O2UkE91ROYmsc0BKMGZLwDmy96Jpa2+vrtoxomjUhy1RPIgH/r2nA==",
      "dependencies": [
        "@noble/hashes"
      ]
    },
    "@scure/btc-signer@2.4.0": {
      "integrity": "sha512-jW9r1pfCCMka73X1cyxyYRc9A1ADpeS0+0GdNAsbITMojTcuI1ALTIOLdTkz8yBJj5pXIXBJm49Po6nUJ276wA==",
      "dependencies": [
        "@noble/curves",
        "@noble/hashes",
        "@scure/base@2.4.0",
        "micro-packed"
      ]
    },
    "@tailwindcss/node@4.3.3": {
      "integrity": "sha512-/T8IKEsf9VTU6tLjgC7+sv2mOPtQxzE2jMw7u4Tt40Tx+QSZxpzh95/H6cMKoja9XuW7iMdLJYBB0o9G1CaAgg==",
      "dependencies": [
        "@jridgewell/remapping",
        "enhanced-resolve",
        "jiti",
        "lightningcss@1.32.0",
        "magic-string",
        "source-map-js",
        "tailwindcss"
      ]
    },
    "@tailwindcss/oxide-android-arm64@4.3.3": {
      "integrity": "sha512-Y85A2gmPSkl5Ve5qR86GL4HT509cFqQh1aes9p3sSkyTPwt0Pppf3GkwGe4JPACcRYjgJIEhQgM6dBClnr0NYw==",
      "os": ["android"],
      "cpu": ["arm64"]
    },
    "@tailwindcss/oxide-darwin-arm64@4.3.3": {
      "integrity": "sha512-BiaWatpBcERQFDlOjRDpIVXuFK5PJez5SA4JMg6VYZdBYU+qKfV/vqjcIs+IYmtitf1xYQZTwXvU/8y4lfZUGw==",
      "os": ["darwin"],
      "cpu": ["arm64"]
    },
    "@tailwindcss/oxide-darwin-x64@4.3.3": {
      "integrity": "sha512-fAeUqfV5ndhxRwai8cXGzdLvul9utWOmeTkv69unv4ZXixjn61Z+p9lCWdwOwA3TYboG3BwdVuN/RDjhBRl0mw==",
      "os": ["darwin"],
      "cpu": ["x64"]
    },
    "@tailwindcss/oxide-freebsd-x64@4.3.3": {
      "integrity": "sha512-iyf5bV6+wnAlflVeEy7R25dupxTNECZN5QMI0qNT6eT+EgaGdZcKhGkr5SdoaWiLJ3spLqIY9VCeSGrwmtg4kw==",
      "os": ["freebsd"],
      "cpu": ["x64"]
    },
    "@tailwindcss/oxide-linux-arm-gnueabihf@4.3.3": {
      "integrity": "sha512-aAYUprJAJQWWbRrPvtjdroZ56Md+JM8pMiopS6xGEwDfLhqj+2ver2p4nU4Mb3CRqcMmNBjo8KkUgcxhkzVQGQ==",
      "os": ["linux"],
      "cpu": ["arm"]
    },
    "@tailwindcss/oxide-linux-arm64-gnu@4.3.3": {
      "integrity": "sha512-nDxldcEENOxZRzC2uu9jrutZdAAQtb+8WWDCSnWL1zvBk1+FN+x6MtDViPB5AJMfttVCUhehGWus3XBPgatM/w==",
      "os": ["linux"],
      "cpu": ["arm64"]
    },
    "@tailwindcss/oxide-linux-arm64-musl@4.3.3": {
      "integrity": "sha512-Md44bD6veX/PC5iyF8cDVnw4HBIANZepRZZ7a8DQOvkfo5WUBwcp6iAuCUz23u+4SUkhJlD3eL7hNdW8ezd/kA==",
      "os": ["linux"],
      "cpu": ["arm64"]
    },
    "@tailwindcss/oxide-linux-x64-gnu@4.3.3": {
      "integrity": "sha512-tx7us1muwOKAKWao2v/GaafFeQboE6aj88vC6ziN2NCGcRm8gWUhwjzg+YdVB1e4boAtdtma4L43onunI6NS4w==",
      "os": ["linux"],
      "cpu": ["x64"]
    },
    "@tailwindcss/oxide-linux-x64-musl@4.3.3": {
      "integrity": "sha512-SJxX60smvHgasZoBy11dX6YRjXJFovwWBoedhbQPOBzgFWBHGB+TVPWB9BxzR7TTxU8FQZAI2AyiNCMzFm8Img==",
      "os": ["linux"],
      "cpu": ["x64"]
    },
    "@tailwindcss/oxide-wasm32-wasi@4.3.3": {
      "integrity": "sha512-jx1+rPhY/5Ympkktd656HBWEBLxP7dH06losBLjjf5vgCODXvi9KhtftWcMIwTFIDqBr7cRnQkdLnAG+IOlGvQ==",
      "cpu": ["wasm32"]
    },
    "@tailwindcss/oxide-win32-arm64-msvc@4.3.3": {
      "integrity": "sha512-3rc292Ca2ceK6Ulcc/bAVnTs/3nDtoPhyEKlgPv+yQJQi/JS/AMJlqzxvlDacL1nekbrcf6bTqp/jV4qgnPxNQ==",
      "os": ["win32"],
      "cpu": ["arm64"]
    },
    "@tailwindcss/oxide-win32-x64-msvc@4.3.3": {
      "integrity": "sha512-yJ0pwIVc/nYeGoV02WtsN8KYyLQv7kyI2wDnkezyJlGGjkd4QLwDGAwl47YpPJeuI0M0ObaXGSPjvWDPeTPggw==",
      "os": ["win32"],
      "cpu": ["x64"]
    },
    "@tailwindcss/oxide@4.3.3": {
      "integrity": "sha512-krXjAikiaFSPaK/FkAQT5UTx3VormQaiZ5hBFlJZ9UFQGB/rwg1MZIhHAG9smMQRTdyJxP6Qt5MwMtdyU5FWrA==",
      "optionalDependencies": [
        "@tailwindcss/oxide-android-arm64",
        "@tailwindcss/oxide-darwin-arm64",
        "@tailwindcss/oxide-darwin-x64",
        "@tailwindcss/oxide-freebsd-x64",
        "@tailwindcss/oxide-linux-arm-gnueabihf",
        "@tailwindcss/oxide-linux-arm64-gnu",
        "@tailwindcss/oxide-linux-arm64-musl",
        "@tailwindcss/oxide-linux-x64-gnu",
        "@tailwindcss/oxide-linux-x64-musl",
        "@tailwindcss/oxide-wasm32-wasi",
        "@tailwindcss/oxide-win32-arm64-msvc",
        "@tailwindcss/oxide-win32-x64-msvc"
      ]
    },
    "@tailwindcss/vite@4.3.3_vite@8.2.2": {
      "integrity": "sha512-yYU8cogLeSh/ms2jh8Fj7jaba/EWa7Ja6GoUqYZaraEuCI5YS6ms6ObZgjjedm+jm6XZjdNRWBpPP6Z86oOxcw==",
      "dependencies": [
        "@tailwindcss/node",
        "@tailwindcss/oxide",
        "tailwindcss",
        "vite"
      ]
    },
    "@types/react-dom@19.2.3_@types+react@19.2.14": {
      "integrity": "sha512-jp2L/eY6fn+KgVVQAOqYItbF0VY/YApe5Mz2F0aykSO8gx31bYCZyvSeYxCHKvzHG5eZjc+zyaS5BrBWya2+kQ==",
      "dependencies": [
        "@types/react"
      ]
    },
    "@types/react@19.2.14": {
      "integrity": "sha512-ilcTH/UniCkMdtexkoCN0bI7pMcJDvmQFPvuPvmEaYA/NSfFTAgdUSLAoVjaRJm7+6PvcM+q1zYOwS4wTYMF9w==",
      "dependencies": [
        "csstype"
      ]
    },
    "@vitejs/plugin-react@6.1.1_oxc-transform-react@0.147.0_vite@8.2.2": {
      "integrity": "sha512-yxLaQV9gkhS8ezJqCM6+ndU7mDY6gqAg75NQ+0IjwEI8IYOmQCgkRwHKVSfWXW076DsqMo0Dk+0FK1U+M5RgFw==",
      "dependencies": [
        "@rolldown/pluginutils",
        "oxc-transform-react",
        "vite"
      ],
      "optionalPeers": [
        "oxc-transform-react"
      ]
    },
    "csstype@3.2.3": {
      "integrity": "sha512-z1HGKcYy2xA8AGQfwrn0PAy+PB7X/GSj3UVJW9qKyn43xWa+gl5nXmU4qqLMRzWVLFC8KusUX8T/0kCiOYpAIQ=="
    },
    "detect-libc@2.1.2": {
      "integrity": "sha512-Btj2BOOO83o3WyH59e8MgXsxEQVcarkUOpEYrubB0urwnN10yQ364rsiByU11nZlqWYZm05i/of7io4mzihBtQ=="
    },
    "enhanced-resolve@5.24.5": {
      "integrity": "sha512-L1l8TNvomm6UVW5B253AGxQagSQr+vGwhMlrrfRS2qmhx46AMpMVJKQYLvWYbysTMY8VoicOvzHzoHMbyzB+4A==",
      "dependencies": [
        "graceful-fs",
        "tapable"
      ]
    },
    "fdir@6.5.0_picomatch@4.0.7": {
      "integrity": "sha512-tIbYtZbucOs0BRGqPJkshJUYdL+SDH7dVM8gjy+ERp3WAUjLEFJE+02kanyHtwjWOnwrKYBiwAmM0p4kLJAnXg==",
      "dependencies": [
        "picomatch"
      ],
      "optionalPeers": [
        "picomatch"
      ]
    },
    "fsevents@2.3.3": {
      "integrity": "sha512-5xoDfX+fL7faATnagmWPpbFtwh/R77WmMMqqHGS65C3vvB0YHrgF+B1YmZ3441tMj5n63k0212XNoJwzlhffQw==",
      "os": ["darwin"],
      "scripts": true
    },
    "graceful-fs@4.2.11": {
      "integrity": "sha512-RbJ5/jmFcNNCcDV5o9eTnBLJ/HszWV0P73bc+Ff4nS/rJj+YaS6IGyiOL0VoBYX+l1Wrl3k63h/KrH+nhJ0XvQ=="
    },
    "jiti@2.7.0": {
      "integrity": "sha512-AC/7JofJvZGrrneWNaEnJeOLUx+JlGt7tNa0wZiRPT4MY1wmfKjt2+6O2p2uz2+skll8OZZmJMNqeke7kKbNgQ==",
      "bin": true
    },
    "jsqr@1.4.0": {
      "integrity": "sha512-dxLob7q65Xg2DvstYkRpkYtmKm2sPJ9oFhrhmudT1dZvNFFTlroai3AWSpLey/w5vMcLBXRgOJsbXpdN9HzU/A=="
    },
    "lightningcss-android-arm64@1.32.0": {
      "integrity": "sha512-YK7/ClTt4kAK0vo6w3X+Pnm0D2cf2vPHbhOXdoNti1Ga0al1P4TBZhwjATvjNwLEBCnKvjJc2jQgHXH0NEwlAg==",
      "os": ["android"],
      "cpu": ["arm64"]
    },
    "lightningcss-android-arm64@1.33.0": {
      "integrity": "sha512-gEpRTalKdosp4Bb8qWtc2iOgE5SeIHlpS1up9bFq2wAyYhl1UdTObYiHe98zEM9SQvSoqQZ1IQD0JNpg3Ml5pg==",
      "os": ["android"],
      "cpu": ["arm64"]
    },
    "lightningcss-darwin-arm64@1.32.0": {
      "integrity": "sha512-RzeG9Ju5bag2Bv1/lwlVJvBE3q6TtXskdZLLCyfg5pt+HLz9BqlICO7LZM7VHNTTn/5PRhHFBSjk5lc4cmscPQ==",
      "os": ["darwin"],
      "cpu": ["arm64"]
    },
    "lightningcss-darwin-arm64@1.33.0": {
      "integrity": "sha512-Sciaz8eenNTKn9b3t7+xr0ipTp9YxKQY4npwQ3mrRuL0BAVHBLyZxofhaKBAVtzmtRZ/zTyo0/to4B1uWG/Djg==",
      "os": ["darwin"],
      "cpu": ["arm64"]
    },
    "lightningcss-darwin-x64@1.32.0": {
      "integrity": "sha512-U+QsBp2m/s2wqpUYT/6wnlagdZbtZdndSmut/NJqlCcMLTWp5muCrID+K5UJ6jqD2BFshejCYXniPDbNh73V8w==",
      "os": ["darwin"],
      "cpu": ["x64"]
    },
    "lightningcss-darwin-x64@1.33.0": {
      "integrity": "sha512-Z5UPAxzrjlWNNyGy6i65cJzzvgJ5D3T6wMvs+gWpY9d7qRhANrxqAp6LhxIgZhWEw18RfJTGcRxjuLIBr+m8XQ==",
      "os": ["darwin"],
      "cpu": ["x64"]
    },
    "lightningcss-freebsd-x64@1.32.0": {
      "integrity": "sha512-JCTigedEksZk3tHTTthnMdVfGf61Fky8Ji2E4YjUTEQX14xiy/lTzXnu1vwiZe3bYe0q+SpsSH/CTeDXK6WHig==",
      "os": ["freebsd"],
      "cpu": ["x64"]
    },
    "lightningcss-freebsd-x64@1.33.0": {
      "integrity": "sha512-QQM/Ti/hQajJwCY+RiWuCZ9sdtI/XQk7nDK5vC8kkdwixezOlDgvDx7+RT+QjK6FcFT4MpsuoBnHIo/O3StRRg==",
      "os": ["freebsd"],
      "cpu": ["x64"]
    },
    "lightningcss-linux-arm-gnueabihf@1.32.0": {
      "integrity": "sha512-x6rnnpRa2GL0zQOkt6rts3YDPzduLpWvwAF6EMhXFVZXD4tPrBkEFqzGowzCsIWsPjqSK+tyNEODUBXeeVHSkw==",
      "os": ["linux"],
      "cpu": ["arm"]
    },
    "lightningcss-linux-arm-gnueabihf@1.33.0": {
      "integrity": "sha512-N7FVBe6iS24MlM6R/4RBTxGhQheZGs7tiQ9U32UtF75NzP5Q7xWPRqLBCKxlRQRk3rY1jCIPLzx7WzOhuUIRLQ==",
      "os": ["linux"],
      "cpu": ["arm"]
    },
    "lightningcss-linux-arm64-gnu@1.32.0": {
      "integrity": "sha512-0nnMyoyOLRJXfbMOilaSRcLH3Jw5z9HDNGfT/gwCPgaDjnx0i8w7vBzFLFR1f6CMLKF8gVbebmkUN3fa/kQJpQ==",
      "os": ["linux"],
      "cpu": ["arm64"]
    },
    "lightningcss-linux-arm64-gnu@1.33.0": {
      "integrity": "sha512-j2v/itmy4HlNxlc6voKXYgBqNi0Ng2LShg4z7GufpEgs05P+2suBVyi9I6YHq5uoVFx9ETin3eCEhLVyXGQnKg==",
      "os": ["linux"],
      "cpu": ["arm64"]
    },
    "lightningcss-linux-arm64-musl@1.32.0": {
      "integrity": "sha512-UpQkoenr4UJEzgVIYpI80lDFvRmPVg6oqboNHfoH4CQIfNA+HOrZ7Mo7KZP02dC6LjghPQJeBsvXhJod/wnIBg==",
      "os": ["linux"],
      "cpu": ["arm64"]
    },
    "lightningcss-linux-arm64-musl@1.33.0": {
      "integrity": "sha512-yiO5ROMuYQgXbC60yjZU5CYSFZGKXL0HFATXt9mHJn1+zW55oCtMI9NfcVhYLMFDL7gV7oBPon/EmMMGg2OvtQ==",
      "os": ["linux"],
      "cpu": ["arm64"]
    },
    "lightningcss-linux-x64-gnu@1.32.0": {
      "integrity": "sha512-V7Qr52IhZmdKPVr+Vtw8o+WLsQJYCTd8loIfpDaMRWGUZfBOYEJeyJIkqGIDMZPwPx24pUMfwSxxI8phr/MbOA==",
      "os": ["linux"],
      "cpu": ["x64"]
    },
    "lightningcss-linux-x64-gnu@1.33.0": {
      "integrity": "sha512-ar+Ju7LmcN0Jo4FpL4hpFybwNG9/3A/Br5KW2n2jyODg3MEZXaDYADdemoNS+BDNfMgKvylJLj4S5tyRActuAg==",
      "os": ["linux"],
      "cpu": ["x64"]
    },
    "lightningcss-linux-x64-musl@1.32.0": {
      "integrity": "sha512-bYcLp+Vb0awsiXg/80uCRezCYHNg1/l3mt0gzHnWV9XP1W5sKa5/TCdGWaR/zBM2PeF/HbsQv/j2URNOiVuxWg==",
      "os": ["linux"],
      "cpu": ["x64"]
    },
    "lightningcss-linux-x64-musl@1.33.0": {
      "integrity": "sha512-RYiYbkokw0trfKqqzfF55lginwEPrD3OJDfTuJzFs1MK6iFnDenaz1fqLLtX4ITG3OktJQXOeTaw1awrBAlZPw==",
      "os": ["linux"],
      "cpu": ["x64"]
    },
    "lightningcss-win32-arm64-msvc@1.32.0": {
      "integrity": "sha512-8SbC8BR40pS6baCM8sbtYDSwEVQd4JlFTOlaD3gWGHfThTcABnNDBda6eTZeqbofalIJhFx0qKzgHJmcPTnGdw==",
      "os": ["win32"],
      "cpu": ["arm64"]
    },
    "lightningcss-win32-arm64-msvc@1.33.0": {
      "integrity": "sha512-1K+MPfLSFVpphzpdbfkhlWk6wBrTObBzS2T6db10PNOZgR9GoVsAWzwNyuhUYYbTp23j+4RrncfujZ4uAzXvwA==",
      "os": ["win32"],
      "cpu": ["arm64"]
    },
    "lightningcss-win32-x64-msvc@1.32.0": {
      "integrity": "sha512-Amq9B/SoZYdDi1kFrojnoqPLxYhQ4Wo5XiL8EVJrVsB8ARoC1PWW6VGtT0WKCemjy8aC+louJnjS7U18x3b06Q==",
      "os": ["win32"],
      "cpu": ["x64"]
    },
    "lightningcss-win32-x64-msvc@1.33.0": {
      "integrity": "sha512-OlEICDx/Xl0FqSp4bry8zFnCvGpig3Gl4gCquvYwHuqJKEC1+n9NgDniFvqHGmMv1ZkqDJrDqKKSykTDX+ehuA==",
      "os": ["win32"],
      "cpu": ["x64"]
    },
    "lightningcss@1.32.0": {
      "integrity": "sha512-NXYBzinNrblfraPGyrbPoD19C1h9lfI/1mzgWYvXUTe414Gz/X1FD2XBZSZM7rRTrMA8JL3OtAaGifrIKhQ5yQ==",
      "dependencies": [
        "detect-libc"
      ],
      "optionalDependencies": [
        "lightningcss-android-arm64@1.32.0",
        "lightningcss-darwin-arm64@1.32.0",
        "lightningcss-darwin-x64@1.32.0",
        "lightningcss-freebsd-x64@1.32.0",
        "lightningcss-linux-arm-gnueabihf@1.32.0",
        "lightningcss-linux-arm64-gnu@1.32.0",
        "lightningcss-linux-arm64-musl@1.32.0",
        "lightningcss-linux-x64-gnu@1.32.0",
        "lightningcss-linux-x64-musl@1.32.0",
        "lightningcss-win32-arm64-msvc@1.32.0",
        "lightningcss-win32-x64-msvc@1.32.0"
      ]
    },
    "lightningcss@1.33.0": {
      "integrity": "sha512-WkUDrojuJs0xkgGf2udWxa3yGBRxPtxUkB79i6aCZLRgc7PM8fZe9TosfPDcvEpQZbuFASnHYmRLBLUbmLOIIA==",
      "dependencies": [
        "detect-libc"
      ],
      "optionalDependencies": [
        "lightningcss-android-arm64@1.33.0",
        "lightningcss-darwin-arm64@1.33.0",
        "lightningcss-darwin-x64@1.33.0",
        "lightningcss-freebsd-x64@1.33.0",
        "lightningcss-linux-arm-gnueabihf@1.33.0",
        "lightningcss-linux-arm64-gnu@1.33.0",
        "lightningcss-linux-arm64-musl@1.33.0",
        "lightningcss-linux-x64-gnu@1.33.0",
        "lightningcss-linux-x64-musl@1.33.0",
        "lightningcss-win32-arm64-msvc@1.33.0",
        "lightningcss-win32-x64-msvc@1.33.0"
      ]
    },
    "magic-string@0.30.21": {
      "integrity": "sha512-vd2F4YUyEXKGcLHoq+TEyCjxueSeHnFxyyjNp80yg0XV4vUhnDer/lvvlqM/arB5bXQN5K2/3oinyCRyx8T2CQ==",
      "dependencies": [
        "@jridgewell/sourcemap-codec"
      ]
    },
    "micro-packed@0.11.0": {
      "integrity": "sha512-rq9RzPpmlgt3YaW2RrtCG9Q2iydX2+KZnL/Vhik8KKdsKwR5FvLXJzqp5IhXqD67XjYeZEMCrG6B28Mq9uC8Tw==",
      "dependencies": [
        "@scure/base@2.3.0"
      ]
    },
    "nanoid@3.3.18": {
      "integrity": "sha512-DTg4MJbGMWkfi6VZFdNt2/caMbQy4Ou+Op/hJQvGEWcnVfoA1QA+xzRKAzw9jD6+GVOOeYr/mIcuDSdug6F6+w==",
      "bin": true
    },
    "oxc-transform-react@0.147.0": {
      "integrity": "sha512-u3u8qZFlcQPawQx/kvMnK6csGPAQW5JJ4WWsmqYb3djL4SHfvsu5ftHCTkWgzdYkGfIjq5aSoBetVXfPb1ZiXw==",
      "optionalDependencies": [
        "@oxc-transform-react/binding-android-arm-eabi",
        "@oxc-transform-react/binding-android-arm64",
        "@oxc-transform-react/binding-darwin-arm64",
        "@oxc-transform-react/binding-darwin-x64",
        "@oxc-transform-react/binding-freebsd-x64",
        "@oxc-transform-react/binding-linux-arm-gnueabihf",
        "@oxc-transform-react/binding-linux-arm-musleabihf",
        "@oxc-transform-react/binding-linux-arm64-gnu",
        "@oxc-transform-react/binding-linux-arm64-musl",
        "@oxc-transform-react/binding-linux-ppc64-gnu",
        "@oxc-transform-react/binding-linux-riscv64-gnu",
        "@oxc-transform-react/binding-linux-riscv64-musl",
        "@oxc-transform-react/binding-linux-s390x-gnu",
        "@oxc-transform-react/binding-linux-x64-gnu",
        "@oxc-transform-react/binding-linux-x64-musl",
        "@oxc-transform-react/binding-openharmony-arm64",
        "@oxc-transform-react/binding-win32-arm64-msvc",
        "@oxc-transform-react/binding-win32-ia32-msvc",
        "@oxc-transform-react/binding-win32-x64-msvc"
      ]
    },
    "picocolors@1.1.1": {
      "integrity": "sha512-xceH2snhtb5M9liqDsmEw56le376mTZkEX/jEb/RxNFyegNul7eNslCXP9FDj/Lcu0X8KEyMceP2ntpaHrDEVA=="
    },
    "picomatch@4.0.7": {
      "integrity": "sha512-qcJu88Q2IWqJsDD529JKMdwGm/dvInW4HvQnRwiH9JtihJvzGOscDtHE3x1pBKeUOTysQ8kVmLnJ2kJu7yhcGA=="
    },
    "postcss@8.5.26": {
      "integrity": "sha512-u82N74LFzG8ca+dD8puPnplTXoGH4fTPpVGuIbt36G3qvNlkvfD0lEAZSxaly3KX8TS/L1A1gsCEmvKmBcVbkQ==",
      "dependencies": [
        "nanoid",
        "picocolors",
        "source-map-js"
      ]
    },
    "react-dom@19.2.8_react@19.2.8": {
      "integrity": "sha512-rVprimfGBG3DR+Tq0IQG2DT5PxKth1WIGDmj5yPmlzr4YBe7uyE+Du4oVqTDXZSHGGGXRtTJEGSSePyQCMBglQ==",
      "dependencies": [
        "react",
        "scheduler"
      ]
    },
    "react@19.2.8": {
      "integrity": "sha512-PWaYA1L/q9u2u7xYQi+Y3L3Yfnie7XyLeaJICV1MGD6LprsBxcAqGjYyr0eY3p+QdsA+x/Irkt4Qif8D63+Sbw=="
    },
    "rolldown@1.2.6": {
      "integrity": "sha512-vMM4q3aixf46GiF1Kok8jDPFsEpXgFWGjUHXNkNHNm+Y2adXAG2dbX91jkti3i0ZRsOlcmbuzAz1poObSHCmUA==",
      "dependencies": [
        "@oxc-project/types",
        "@rolldown/pluginutils"
      ],
      "optionalDependencies": [
        "@rolldown/binding-android-arm-eabi",
        "@rolldown/binding-android-arm64",
        "@rolldown/binding-darwin-arm64",
        "@rolldown/binding-darwin-x64",
        "@rolldown/binding-freebsd-x64",
        "@rolldown/binding-linux-arm-gnueabihf",
        "@rolldown/binding-linux-arm64-gnu",
        "@rolldown/binding-linux-arm64-musl",
        "@rolldown/binding-linux-ppc64-gnu",
        "@rolldown/binding-linux-s390x-gnu",
        "@rolldown/binding-linux-x64-gnu",
        "@rolldown/binding-linux-x64-musl",
        "@rolldown/binding-openharmony-arm64",
        "@rolldown/binding-win32-arm64-msvc",
        "@rolldown/binding-win32-x64-msvc"
      ],
      "bin": true
    },
    "scheduler@0.27.0": {
      "integrity": "sha512-eNv+WrVbKu1f3vbYJT/xtiF5syA5HPIMtf9IgY/nKg0sWqzAUEvqY/xm7OcZc/qafLx/iO9FgOmeSAp4v5ti/Q=="
    },
    "source-map-js@1.2.1": {
      "integrity": "sha512-UXWMKhLOwVKb728IUtQPXxfYU+usdybtUrK/8uGE8CQMvrhOpwvzDBwj0QhSL7MQc7vIsISBG8VQ8+IDQxpfQA=="
    },
    "tailwindcss@4.3.3": {
      "integrity": "sha512-gOhV3P7ufE62QDGg1zVaTgCR+EtPv92k2nIhVcVKcLmxT1sUBsQGhnZj175j+MqRt4zLF7ic+sCYjfhxMxj7YQ=="
    },
    "tapable@2.3.3": {
      "integrity": "sha512-uxc/zpqFg6x7C8vOE7lh6Lbda8eEL9zmVm/PLeTPBRhh1xCgdWaQ+J1CUieGpIfm2HdtsUpRv+HshiasBMcc6A=="
    },
    "tinyglobby@0.2.17": {
      "integrity": "sha512-wXR/dYpcqKmfWpEdZjiKJOwCNFndD0DMnrW/cYjVGttEkBfVgcLFHoNrlj47mjOVic9yyNu65alsgF4NQyTa2g==",
      "dependencies": [
        "fdir",
        "picomatch"
      ]
    },
    "uqr@0.1.3": {
      "integrity": "sha512-0rjE8iEJe4YmT9TOhwsZtqCMRLc5DXZUI2UEYUUg63ikBkqqE5EYWaI0etFe/5KUcmcYwLih2RND1kq+hrUJXA=="
    },
    "vite@8.2.2": {
      "integrity": "sha512-cFKLV/PRgAUlIRm5WjMjJ86jrftzpqcgH+Us+DS8mI3CDNiH30Whrz8uHL3+MOLPAgqbMBAqWdAHAphOAM+z/Q==",
      "dependencies": [
        "lightningcss@1.33.0",
        "picomatch",
        "postcss",
        "rolldown",
        "tinyglobby"
      ],
      "optionalDependencies": [
        "fsevents"
      ],
      "bin": true
    }
  },
  "workspace": {
    "packageJson": {
      "dependencies": [
        "npm:@noble/ciphers@2.4.0",
        "npm:@noble/curves@2.4.0",
        "npm:@noble/hashes@2.4.0",
        "npm:@scure/base@2.0.0",
        "npm:@scure/bip32@2.4.0",
        "npm:@scure/bip39@2.4.0",
        "npm:@scure/btc-signer@2.4.0",
        "npm:@tailwindcss/vite@4.3.3",
        "npm:@types/react-dom@19.2.3",
        "npm:@types/react@19.2.14",
        "npm:@vitejs/plugin-react@6.1.1",
        "npm:jsqr@1.4.0",
        "npm:oxc-transform-react@0.147.0",
        "npm:react-dom@19.2.8",
        "npm:react@19.2.8",
        "npm:tailwindcss@4.3.3",
        "npm:uqr@0.1.3",
        "npm:vite@8.2.2"
      ]
    }
  }
}
